
Microsoft Visual Studio Solution File, Format Version 12.00
# Visual Studio 14
VisualStudioVersion = 14.0.25123.0
MinimumVisualStudioVersion = 10.0.40219.1
Project("{FAE04EC0-301F-11D3-BF4B-00C04F79EFBC}") = "FoodPicker", "FoodPicker\FoodPicker.csproj", "{AFDFACAD-7517-4DAC-A23F-CE6133263E26}"
EndProject
Project("{FAE04EC0-301F-11D3-BF4B-00C04F79EFBC}") = "FoodPicker.Tests", "FoodPicker.Tests\FoodPicker.Tests.csproj", "{2C89645A-C23B-42EB-9CC3-03185A636F65}"
EndProject
Global
	GlobalSection(SolutionConfigurationPlatforms) = preSolution
		Debug|Any CPU = Debug|Any CPU
		Release|Any CPU = Release|Any CPU
	EndGlobalSection
	GlobalSection(ProjectConfigurationPlatforms) = postSolution
		{AFDFACAD-7517-4DAC-A23F-CE6133263E26}.Debug|Any CPU.ActiveCfg = Debug|Any CPU
		{AFDFACAD-7517-4DAC-A23F-CE6133263E26}.Debug|Any CPU.Build.0 = Debug|Any CPU
		{AFDFACAD-7517-4DAC-A23F-CE6133263E26}.Release|Any CPU.ActiveCfg = Release|Any CPU
		{AFDFACAD-7517-4DAC-A23F-CE6133263E26}.Release|Any CPU.Build.0 = Release|Any CPU
		{2C89645A-C23B-42EB-9CC3-03185A636F65}.Debug|Any CPU.ActiveCfg = Debug|Any CPU
		{2C89645A-C23B-42EB-9CC3-03185A636F65}.Debug|Any CPU.Build.0 = Debug|Any CPU
		{2C89645A-C23B-42EB-9CC3-03185A636F65}.Release|Any CPU.ActiveCfg = Release|Any CPU
		{2C89645A-C23B-42EB-9CC3-03185A636F65}.Release|Any CPU.Build.0 = Release|Any CPU
	EndGlobalSection
	GlobalSection(SolutionProperties) = preSolution
		HideSolutionNode = FALSE
	EndGlobalSection
EndGlobal
